
Microsoft Visual Studio Solution File, Format Version 12.00
# Visual Studio Version 17
VisualStudioVersion = 17.14.36429.23
MinimumVisualStudioVersion = 10.0.40219.1
Project("{8BC9CEB8-8B4A-11D0-8D11-00A0C91BC942}") = "Bullet-Heaven", "Bullet-Heaven\WindowsProject2.vcxproj", "{9A60681D-68E2-4320-B1D1-087525A1480C}"
EndProject
Global
	GlobalSection(SolutionConfigurationPlatforms) = preSolution
		Debug|x64 = Debug|x64
		Debug|x86 = Debug|x86
		Release|x64 = Release|x64
		Release|x86 = Release|x86
	EndGlobalSection
	GlobalSection(ProjectConfigurationPlatforms) = postSolution
		{9A60681D-68E2-4320-B1D1-087525A1480C}.Debug|x64.ActiveCfg = Debug|x64
		{9A60681D-68E2-4320-B1D1-087525A1480C}.Debug|x64.Build.0 = Debug|x64
		{9A60681D-68E2-4320-B1D1-087525A1480C}.Debug|x86.ActiveCfg = Debug|Win32
		{9A60681D-68E2-4320-B1D1-087525A1480C}.Debug|x86.Build.0 = Debug|Win32
		{9A60681D-68E2-4320-B1D1-087525A1480C}.Release|x64.ActiveCfg = Release|x64
		{9A60681D-68E2-4320-B1D1-087525A1480C}.Release|x64.Build.0 = Release|x64
		{9A60681D-68E2-4320-B1D1-087525A1480C}.Release|x86.ActiveCfg = Release|Win32
		{9A60681D-68E2-4320-B1D1-087525A1480C}.Release|x86.Build.0 = Release|Win32
	EndGlobalSection
	GlobalSection(SolutionProperties) = preSolution
		HideSolutionNode = FALSE
	EndGlobalSection
	GlobalSection(ExtensibilityGlobals) = postSolution
		SolutionGuid = {8335AAFD-7BBB-43B1-A951-F6F6FFE64306}
	EndGlobalSection
EndGlobal
